
Microsoft Visual Studio Solution File, Format Version 12.00
# Visual Studio Version 16
VisualStudioVersion = 16.0.28922.388
MinimumVisualStudioVersion = 10.0.40219.1
Project("{FAE04EC0-301F-11D3-BF4B-00C04F79EFBC}") = "SavePacket", "SavePacket\SavePacket.csproj", "{F38C6DA2-065D-4745-8F33-AD5E78459CD2}"
EndProject
Global
	GlobalSection(SolutionConfigurationPlatforms) = preSolution
		Debug|Any CPU = Debug|Any CPU
		Release|Any CPU = Release|Any CPU
	EndGlobalSection
	GlobalSection(ProjectConfigurationPlatforms) = postSolution
		{F38C6DA2-065D-4745-8F33-AD5E78459CD2}.Debug|Any CPU.ActiveCfg = Debug|Any CPU
		{F38C6DA2-065D-4745-8F33-AD5E78459CD2}.Debug|Any CPU.Build.0 = Debug|Any CPU
		{F38C6DA2-065D-4745-8F33-AD5E78459CD2}.Release|Any CPU.ActiveCfg = Release|Any CPU
		{F38C6DA2-065D-4745-8F33-AD5E78459CD2}.Release|Any CPU.Build.0 = Release|Any CPU
	EndGlobalSection
	GlobalSection(SolutionProperties) = preSolution
		HideSolutionNode = FALSE
	EndGlobalSection
	GlobalSection(ExtensibilityGlobals) = postSolution
		SolutionGuid = {A9F40F5B-C130-41ED-8BE8-D983F5C17A6C}
	EndGlobalSection
EndGlobal
